#MicroXplorer Configuration settings - do not modify
CAD.formats=
CAD.pinconfig=
CAD.provider=
CORTEX_M7.IPParameters=default_mode_Activation
CORTEX_M7.default_mode_Activation=1
FREERTOS.BinarySemaphores01=semphr_buzzer_trigger,Dynamic,NULL,Available
FREERTOS.CountingSemaphores01=semphr_uart_receive,16,Dynamic,NULL,0
FREERTOS.FootprintOK=true
FREERTOS.INCLUDE_vTaskCleanUpResources=1
FREERTOS.IPParameters=Tasks01,configTOTAL_HEAP_SIZE,configMAX_TASK_NAME_LEN,configQUEUE_REGISTRY_SIZE,configTIMER_TASK_PRIORITY,INCLUDE_vTaskCleanUpResources,FootprintOK,CountingSemaphores01,BinarySemaphores01,Queues01
FREERTOS.Queues01=queue_key,1,char,0,Dynamic,NULL,NULL
FREERTOS.Tasks01=LEDBlink,32,128,Task_LEDBlink,Default,NULL,Static,LEDBlinkBuffer,LEDBlinkControlBlock;Broadcast,25,256,Task_Broadcast,Default,NULL,Static,BroadcastBuffer,BroadcastControlBlock;Uart4Handle,31,256,Task_Uart4Handle,Default,NULL,Static,UartHandleBuffer,UartHandleControlBlock;_9axisService,27,128,Task_9axisService,Default,NULL,Static,_9axisServiceBuffer,_9axisServiceControlBlock;CarAttitude,29,128,Task_CarAttitude,Default,NULL,Static,CarAttitudeBuffer,CarAttitudeControlBlock;Key,30,128,Task_Key,Default,NULL,Static,KeyBuffer,KeyControlBlock;Buzzer,25,128,Task_Buzzer,Default,NULL,Static,BuzzerBuffer,BuzzerControlBlock;Screen_LCD,25,128,Task_Screen,Default,NULL,Static,Screen_LCDBuffer,Screen_LCDControlBlock;todo,25,1024,Task_todo,Default,NULL,Static,todoBuffer,todoControlBlock;Uart3Handle,31,256,TaskUart3Handle,Default,NULL,Static,Uart3HandleBuffer,Uart3HandleControlBlock
FREERTOS.configMAX_TASK_NAME_LEN=32
FREERTOS.configQUEUE_REGISTRY_SIZE=10
FREERTOS.configTIMER_TASK_PRIORITY=55
FREERTOS.configTOTAL_HEAP_SIZE=81920
File.Version=6
GPIO.groupedBy=Group By Peripherals
KeepUserPlacement=false
MMTAppReg1.MEMORYMAP.AppRegionName=DTCMRAM
MMTAppReg1.MEMORYMAP.ContextName=Cortex-M7NS
MMTAppReg1.MEMORYMAP.CoreName=ARM Cortex-M7
MMTAppReg1.MEMORYMAP.IPParameters=StartAddress,Size,CoreName,ContextName,Name
MMTAppReg1.MEMORYMAP.Name=DTCMRAM
MMTAppReg1.MEMORYMAP.Size=131072
MMTAppReg1.MEMORYMAP.StartAddress=0x20000000
MMTAppReg2.MEMORYMAP.AppRegionName=RAM
MMTAppReg2.MEMORYMAP.ContextName=Cortex-M7NS
MMTAppReg2.MEMORYMAP.CoreName=ARM Cortex-M7
MMTAppReg2.MEMORYMAP.DefaultDataRegion=true
MMTAppReg2.MEMORYMAP.IPParameters=StartAddress,Size,CoreName,ContextName,Name,DefaultDataRegion
MMTAppReg2.MEMORYMAP.Name=RAM
MMTAppReg2.MEMORYMAP.Size=524288
MMTAppReg2.MEMORYMAP.StartAddress=0x24000000
MMTAppReg3.MEMORYMAP.AppRegionName=RAM_D2
MMTAppReg3.MEMORYMAP.ContextName=Cortex-M7NS
MMTAppReg3.MEMORYMAP.CoreName=ARM Cortex-M7
MMTAppReg3.MEMORYMAP.IPParameters=StartAddress,Size,CoreName,ContextName,Name
MMTAppReg3.MEMORYMAP.Name=RAM_D2
MMTAppReg3.MEMORYMAP.Size=294912
MMTAppReg3.MEMORYMAP.StartAddress=0x30000000
MMTAppReg4.MEMORYMAP.AppRegionName=RAM_D3
MMTAppReg4.MEMORYMAP.ContextName=Cortex-M7NS
MMTAppReg4.MEMORYMAP.CoreName=ARM Cortex-M7
MMTAppReg4.MEMORYMAP.IPParameters=StartAddress,Size,CoreName,ContextName,Name
MMTAppReg4.MEMORYMAP.Name=RAM_D3
MMTAppReg4.MEMORYMAP.Size=65536
MMTAppReg4.MEMORYMAP.StartAddress=0x38000000
MMTAppReg5.MEMORYMAP.AppRegionName=ITCMRAM
MMTAppReg5.MEMORYMAP.Cacheability=WTRA
MMTAppReg5.MEMORYMAP.ContextName=Cortex-M7NS
MMTAppReg5.MEMORYMAP.CoreName=ARM Cortex-M7
MMTAppReg5.MEMORYMAP.IPParameters=StartAddress,Size,CoreName,ContextName,Name,Cacheability
MMTAppReg5.MEMORYMAP.Name=ITCMRAM
MMTAppReg5.MEMORYMAP.Size=65536
MMTAppReg5.MEMORYMAP.StartAddress=0x00000000
MMTAppReg6.MEMORYMAP.AP=RO_priv_only
MMTAppReg6.MEMORYMAP.AppRegionName=FLASH
MMTAppReg6.MEMORYMAP.Cacheability=WTRA
MMTAppReg6.MEMORYMAP.ContextName=Cortex-M7NS
MMTAppReg6.MEMORYMAP.CoreName=ARM Cortex-M7
MMTAppReg6.MEMORYMAP.DefaultCodeRegion=true
MMTAppReg6.MEMORYMAP.IPParameters=StartAddress,Size,CoreName,MemType,ContextName,Name,AP,Cacheability,DefaultCodeRegion,ISRRegion,RootBootRegion
MMTAppReg6.MEMORYMAP.ISRRegion=true
MMTAppReg6.MEMORYMAP.MemType=ROM
MMTAppReg6.MEMORYMAP.Name=FLASH
MMTAppReg6.MEMORYMAP.RootBootRegion=true
MMTAppReg6.MEMORYMAP.Size=131072
MMTAppReg6.MEMORYMAP.StartAddress=0x08000000
MMTAppRegionsCount=6
MMTConfigApplied=false
Mcu.CPN=STM32H750VBT6
Mcu.Family=STM32H7
Mcu.IP0=CORTEX_M7
Mcu.IP1=DEBUG
Mcu.IP10=TIM2
Mcu.IP11=TIM3
Mcu.IP12=TIM4
Mcu.IP13=TIM5
Mcu.IP14=TIM6
Mcu.IP15=TIM13
Mcu.IP16=UART4
Mcu.IP17=UART5
Mcu.IP18=USART1
Mcu.IP19=USART2
Mcu.IP2=FREERTOS
Mcu.IP20=USART3
Mcu.IP21=USB_OTG_FS
Mcu.IP3=MEMORYMAP
Mcu.IP4=NVIC
Mcu.IP5=QUADSPI
Mcu.IP6=RCC
Mcu.IP7=SPI2
Mcu.IP8=SPI4
Mcu.IP9=SYS
Mcu.IPNb=22
Mcu.Name=STM32H750VBTx
Mcu.Package=LQFP100
Mcu.Pin0=PE2
Mcu.Pin1=PE3
Mcu.Pin10=PC0
Mcu.Pin11=PC1
Mcu.Pin12=PC3_C
Mcu.Pin13=PA0
Mcu.Pin14=PA1
Mcu.Pin15=PA2
Mcu.Pin16=PA3
Mcu.Pin17=PA6
Mcu.Pin18=PC4
Mcu.Pin19=PC5
Mcu.Pin2=PE4
Mcu.Pin20=PB0
Mcu.Pin21=PB1
Mcu.Pin22=PB2
Mcu.Pin23=PE7
Mcu.Pin24=PE9
Mcu.Pin25=PE11
Mcu.Pin26=PE12
Mcu.Pin27=PE13
Mcu.Pin28=PE14
Mcu.Pin29=PB10
Mcu.Pin3=PE5
Mcu.Pin30=PB11
Mcu.Pin31=PB12
Mcu.Pin32=PB13
Mcu.Pin33=PB14
Mcu.Pin34=PB15
Mcu.Pin35=PD8
Mcu.Pin36=PD10
Mcu.Pin37=PD11
Mcu.Pin38=PD12
Mcu.Pin39=PD13
Mcu.Pin4=PE6
Mcu.Pin40=PD14
Mcu.Pin41=PD15
Mcu.Pin42=PC6
Mcu.Pin43=PC7
Mcu.Pin44=PC8
Mcu.Pin45=PC9
Mcu.Pin46=PA8
Mcu.Pin47=PA9
Mcu.Pin48=PA10
Mcu.Pin49=PA11
Mcu.Pin5=PC13
Mcu.Pin50=PA12
Mcu.Pin51=PA13 (JTMS/SWDIO)
Mcu.Pin52=PA14 (JTCK/SWCLK)
Mcu.Pin53=PA15 (JTDI)
Mcu.Pin54=PC10
Mcu.Pin55=PC12
Mcu.Pin56=PD0
Mcu.Pin57=PD2
Mcu.Pin58=PD3
Mcu.Pin59=PD4
Mcu.Pin6=PC14-OSC32_IN (OSC32_IN)
Mcu.Pin60=PD5
Mcu.Pin61=PD6
Mcu.Pin62=PB3 (JTDO/TRACESWO)
Mcu.Pin63=PB5
Mcu.Pin64=PB6
Mcu.Pin65=PB7
Mcu.Pin66=PB9
Mcu.Pin67=PE0
Mcu.Pin68=PE1
Mcu.Pin69=VP_FREERTOS_VS_CMSIS_V2
Mcu.Pin7=PC15-OSC32_OUT (OSC32_OUT)
Mcu.Pin70=VP_SYS_VS_Systick
Mcu.Pin71=VP_TIM6_VS_ClockSourceINT
Mcu.Pin72=VP_TIM13_VS_ClockSourceINT
Mcu.Pin73=VP_MEMORYMAP_VS_MEMORYMAP
Mcu.Pin8=PH0-OSC_IN (PH0)
Mcu.Pin9=PH1-OSC_OUT (PH1)
Mcu.PinsNb=74
Mcu.ThirdPartyNb=0
Mcu.UserConstants=
Mcu.UserName=STM32H750VBTx
MxCube.Version=6.14.1
MxDb.Version=DB.6.0.141
NVIC.BusFault_IRQn=true\:0\:0\:false\:false\:true\:false\:false\:false\:false
NVIC.DebugMonitor_IRQn=true\:0\:0\:false\:false\:true\:false\:false\:false\:false
NVIC.ForceEnableDMAVector=true
NVIC.HardFault_IRQn=true\:0\:0\:false\:false\:true\:false\:false\:false\:false
NVIC.MemoryManagement_IRQn=true\:0\:0\:false\:false\:true\:false\:false\:false\:false
NVIC.NonMaskableInt_IRQn=true\:0\:0\:false\:false\:true\:false\:false\:true\:false
NVIC.PendSV_IRQn=true\:15\:0\:false\:false\:false\:true\:false\:false\:false
NVIC.PriorityGroup=NVIC_PRIORITYGROUP_4
NVIC.SVCall_IRQn=true\:0\:0\:false\:false\:false\:false\:false\:false\:false
NVIC.SavedPendsvIrqHandlerGenerated=true
NVIC.SavedSvcallIrqHandlerGenerated=true
NVIC.SavedSystickIrqHandlerGenerated=true
NVIC.SysTick_IRQn=true\:15\:0\:false\:false\:true\:true\:false\:true\:false
NVIC.TIM6_DAC_IRQn=true\:5\:0\:false\:false\:true\:true\:true\:true\:true
NVIC.UART4_IRQn=true\:5\:0\:false\:false\:true\:true\:true\:true\:true
NVIC.USART3_IRQn=true\:5\:0\:false\:false\:true\:true\:true\:true\:true
NVIC.UsageFault_IRQn=true\:0\:0\:false\:false\:true\:false\:false\:false\:false
PA0.Locked=true
PA0.Signal=S_TIM5_CH1
PA1.Locked=true
PA1.Signal=S_TIM5_CH2
PA10.GPIOParameters=GPIO_PuPd,GPIO_Label
PA10.GPIO_Label=COL1
PA10.GPIO_PuPd=GPIO_PULLUP
PA10.Locked=true
PA10.Signal=GPIO_Input
PA11.Mode=Device_Only
PA11.Signal=USB_OTG_FS_DM
PA12.Mode=Device_Only
PA12.Signal=USB_OTG_FS_DP
PA13\ (JTMS/SWDIO).Locked=true
PA13\ (JTMS/SWDIO).Mode=Serial_Wire
PA13\ (JTMS/SWDIO).Signal=DEBUG_JTMS-SWDIO
PA14\ (JTCK/SWCLK).Locked=true
PA14\ (JTCK/SWCLK).Mode=Serial_Wire
PA14\ (JTCK/SWCLK).Signal=DEBUG_JTCK-SWCLK
PA15\ (JTDI).Locked=true
PA15\ (JTDI).Signal=S_TIM2_CH1_ETR
PA2.GPIOParameters=GPIO_Speed,GPIO_Label
PA2.GPIO_Label=PWMC
PA2.GPIO_Speed=GPIO_SPEED_FREQ_VERY_HIGH
PA2.Locked=true
PA2.Signal=GPIO_Output
PA3.Mode=Asynchronous
PA3.Signal=USART2_RX
PA6.Locked=true
PA6.Signal=S_TIM13_CH1
PA8.GPIOParameters=GPIO_Label
PA8.GPIO_Label=Laser
PA8.Locked=true
PA8.Signal=GPIO_Output
PA9.Locked=true
PA9.Mode=TX_Only_Simplex_Unidirect_Master
PA9.Signal=SPI2_SCK
PB0.GPIOParameters=GPIO_Speed,GPIO_Label
PB0.GPIO_Label=PWMA
PB0.GPIO_Speed=GPIO_SPEED_FREQ_VERY_HIGH
PB0.Locked=true
PB0.Signal=GPIO_Output
PB1.GPIOParameters=GPIO_Speed,GPIO_Label
PB1.GPIO_Label=DIN1
PB1.GPIO_Speed=GPIO_SPEED_FREQ_HIGH
PB1.Locked=true
PB1.Signal=GPIO_Output
PB10.GPIOParameters=GPIO_Speed,GPIO_Label
PB10.GPIO_Label=PWMB
PB10.GPIO_Speed=GPIO_SPEED_FREQ_VERY_HIGH
PB10.Locked=true
PB10.Signal=GPIO_Output
PB11.Mode=Asynchronous
PB11.Signal=USART3_RX
PB12.Mode=NSS_Signal_Hard_Output
PB12.Signal=SPI2_NSS
PB13.Mode=Asynchronous
PB13.Signal=UART5_TX
PB14.Locked=true
PB14.Mode=Asynchronous
PB14.Signal=USART1_TX
PB15.Locked=true
PB15.Mode=Asynchronous
PB15.Signal=USART1_RX
PB2.GPIOParameters=GPIO_Speed
PB2.GPIO_Speed=GPIO_SPEED_FREQ_VERY_HIGH
PB2.Locked=true
PB2.Mode=Single Bank 1
PB2.Signal=QUADSPI_CLK
PB3\ (JTDO/TRACESWO).Locked=true
PB3\ (JTDO/TRACESWO).Signal=S_TIM2_CH2
PB5.GPIOParameters=GPIO_PuPd,GPIO_Label
PB5.GPIO_Label=COL2
PB5.GPIO_PuPd=GPIO_PULLUP
PB5.Locked=true
PB5.Signal=GPIO_Input
PB6.GPIOParameters=GPIO_Speed
PB6.GPIO_Speed=GPIO_SPEED_FREQ_VERY_HIGH
PB6.Locked=true
PB6.Mode=Single Bank 1
PB6.Signal=QUADSPI_BK1_NCS
PB7.Locked=true
PB7.Signal=S_TIM4_CH2
PB9.Locked=true
PB9.Mode=Asynchronous
PB9.Signal=UART4_TX
PC0.GPIOParameters=GPIO_Speed,GPIO_Label
PC0.GPIO_Label=BIN1
PC0.GPIO_Speed=GPIO_SPEED_FREQ_HIGH
PC0.Locked=true
PC0.Signal=GPIO_Output
PC1.Mode=TX_Only_Simplex_Unidirect_Master
PC1.Signal=SPI2_MOSI
PC10.GPIOParameters=GPIO_Speed
PC10.GPIO_Speed=GPIO_SPEED_FREQ_VERY_HIGH
PC10.Mode=Single Bank 1
PC10.Signal=QUADSPI_BK1_IO1
PC12.GPIOParameters=GPIO_Label
PC12.GPIO_Label=Laser2
PC12.Locked=true
PC12.Signal=GPIO_Output
PC13.GPIOParameters=GPIO_Label
PC13.GPIO_Label=AIN2
PC13.Locked=true
PC13.Signal=GPIO_Output
PC14-OSC32_IN\ (OSC32_IN).Mode=LSE-External-Oscillator
PC14-OSC32_IN\ (OSC32_IN).Signal=RCC_OSC32_IN
PC15-OSC32_OUT\ (OSC32_OUT).Mode=LSE-External-Oscillator
PC15-OSC32_OUT\ (OSC32_OUT).Signal=RCC_OSC32_OUT
PC3_C.GPIOParameters=GPIO_Speed,GPIO_Label
PC3_C.GPIO_Label=BIN2
PC3_C.GPIO_Speed=GPIO_SPEED_FREQ_HIGH
PC3_C.Locked=true
PC3_C.Signal=GPIO_Output
PC4.GPIOParameters=GPIO_Speed,GPIO_Label
PC4.GPIO_Label=CIN1
PC4.GPIO_Speed=GPIO_SPEED_FREQ_HIGH
PC4.Locked=true
PC4.Signal=GPIO_Output
PC5.GPIOParameters=GPIO_Speed,GPIO_Label
PC5.GPIO_Label=CIN2
PC5.GPIO_Speed=GPIO_SPEED_FREQ_HIGH
PC5.Locked=true
PC5.Signal=GPIO_Output
PC6.Locked=true
PC6.Signal=S_TIM3_CH1
PC7.Locked=true
PC7.Signal=S_TIM3_CH2
PC8.GPIOParameters=GPIO_PuPd,GPIO_Label
PC8.GPIO_Label=COL4
PC8.GPIO_PuPd=GPIO_PULLUP
PC8.Locked=true
PC8.Signal=GPIO_Input
PC9.GPIOParameters=GPIO_PuPd,GPIO_Label
PC9.GPIO_Label=COL3
PC9.GPIO_PuPd=GPIO_PULLUP
PC9.Locked=true
PC9.Signal=GPIO_Input
PD0.Locked=true
PD0.Mode=Asynchronous
PD0.Signal=UART4_RX
PD10.GPIOParameters=GPIO_Speed,GPIO_Label
PD10.GPIO_Label=OLED_DC
PD10.GPIO_Speed=GPIO_SPEED_FREQ_HIGH
PD10.Locked=true
PD10.Signal=GPIO_Output
PD11.GPIOParameters=GPIO_Speed
PD11.GPIO_Speed=GPIO_SPEED_FREQ_VERY_HIGH
PD11.Locked=true
PD11.Mode=Single Bank 1
PD11.Signal=QUADSPI_BK1_IO0
PD12.Locked=true
PD12.Signal=S_TIM4_CH1
PD13.GPIOParameters=GPIO_Speed
PD13.GPIO_Speed=GPIO_SPEED_FREQ_VERY_HIGH
PD13.Locked=true
PD13.Mode=Single Bank 1
PD13.Signal=QUADSPI_BK1_IO3
PD14.GPIOParameters=GPIO_Speed,GPIO_Label
PD14.GPIO_Label=PWMD
PD14.GPIO_Speed=GPIO_SPEED_FREQ_VERY_HIGH
PD14.Locked=true
PD14.Signal=GPIO_Output
PD15.GPIOParameters=GPIO_PuPd,GPIO_Label
PD15.GPIO_Label=User
PD15.GPIO_PuPd=GPIO_PULLUP
PD15.Locked=true
PD15.Signal=GPIO_Input
PD2.Mode=Asynchronous
PD2.Signal=UART5_RX
PD3.GPIOParameters=GPIO_Speed,GPIO_Label
PD3.GPIO_Label=LED0
PD3.GPIO_Speed=GPIO_SPEED_FREQ_LOW
PD3.Locked=true
PD3.Signal=GPIO_Output
PD4.GPIOParameters=GPIO_Label
PD4.GPIO_Label=LED1
PD4.Locked=true
PD4.Signal=GPIO_Output
PD5.Mode=Asynchronous
PD5.Signal=USART2_TX
PD6.GPIOParameters=GPIO_Label
PD6.GPIO_Label=OLED_RST
PD6.Locked=true
PD6.Signal=GPIO_Output
PD8.Mode=Asynchronous
PD8.Signal=USART3_TX
PE0.GPIOParameters=GPIO_Label
PE0.GPIO_Label=LED2
PE0.Locked=true
PE0.Signal=GPIO_Output
PE1.GPIOParameters=GPIO_Label
PE1.GPIO_Label=LED3
PE1.Locked=true
PE1.Signal=GPIO_Output
PE11.GPIOParameters=GPIO_Speed,PinState,GPIO_Label
PE11.GPIO_Label=ROW2
PE11.GPIO_Speed=GPIO_SPEED_FREQ_VERY_HIGH
PE11.Locked=true
PE11.PinState=GPIO_PIN_SET
PE11.Signal=GPIO_Output
PE12.Mode=Full_Duplex_Master
PE12.Signal=SPI4_SCK
PE13.GPIOParameters=GPIO_Speed,PinState,GPIO_Label
PE13.GPIO_Label=ROW3
PE13.GPIO_Speed=GPIO_SPEED_FREQ_VERY_HIGH
PE13.Locked=true
PE13.PinState=GPIO_PIN_SET
PE13.Signal=GPIO_Output
PE14.GPIOParameters=GPIO_Speed,PinState,GPIO_Label
PE14.GPIO_Label=ROW4
PE14.GPIO_Speed=GPIO_SPEED_FREQ_VERY_HIGH
PE14.Locked=true
PE14.PinState=GPIO_PIN_SET
PE14.Signal=GPIO_Output
PE2.GPIOParameters=GPIO_Speed
PE2.GPIO_Speed=GPIO_SPEED_FREQ_VERY_HIGH
PE2.Locked=true
PE2.Mode=Single Bank 1
PE2.Signal=QUADSPI_BK1_IO2
PE3.GPIOParameters=GPIO_Speed,GPIO_Label
PE3.GPIO_Label=AIN1
PE3.GPIO_Speed=GPIO_SPEED_FREQ_HIGH
PE3.Locked=true
PE3.Signal=GPIO_Output
PE4.GPIOParameters=GPIO_Speed,GPIO_Label
PE4.GPIO_Label=IMU_CS
PE4.GPIO_Speed=GPIO_SPEED_FREQ_VERY_HIGH
PE4.Locked=true
PE4.Signal=GPIO_Output
PE5.Mode=Full_Duplex_Master
PE5.Signal=SPI4_MISO
PE6.Mode=Full_Duplex_Master
PE6.Signal=SPI4_MOSI
PE7.GPIOParameters=GPIO_Speed,GPIO_Label
PE7.GPIO_Label=DIN2
PE7.GPIO_Speed=GPIO_SPEED_FREQ_HIGH
PE7.Locked=true
PE7.Signal=GPIO_Output
PE9.GPIOParameters=GPIO_Speed,PinState,GPIO_Label
PE9.GPIO_Label=ROW1
PE9.GPIO_Speed=GPIO_SPEED_FREQ_VERY_HIGH
PE9.Locked=true
PE9.PinState=GPIO_PIN_SET
PE9.Signal=GPIO_Output
PH0-OSC_IN\ (PH0).Mode=HSE-External-Oscillator
PH0-OSC_IN\ (PH0).Signal=RCC_OSC_IN
PH1-OSC_OUT\ (PH1).Mode=HSE-External-Oscillator
PH1-OSC_OUT\ (PH1).Signal=RCC_OSC_OUT
PinOutPanel.RotationAngle=180
ProjectManager.AskForMigrate=true
ProjectManager.BackupPrevious=false
ProjectManager.CompilerLinker=GCC
ProjectManager.CompilerOptimize=6
ProjectManager.ComputerToolchain=false
ProjectManager.CoupleFile=true
ProjectManager.CustomerFirmwarePackage=
ProjectManager.DefaultFWLocation=true
ProjectManager.DeletePrevious=true
ProjectManager.DeviceId=STM32H750VBTx
ProjectManager.FirmwarePackage=STM32Cube FW_H7 V1.12.1
ProjectManager.FreePins=false
ProjectManager.HalAssertFull=false
ProjectManager.HeapSize=0x200
ProjectManager.KeepUserCode=true
ProjectManager.LastFirmware=true
ProjectManager.LibraryCopy=0
ProjectManager.MainLocation=Core/Src
ProjectManager.NoMain=false
ProjectManager.PreviousToolchain=
ProjectManager.ProjectBuild=false
ProjectManager.ProjectFileName=STMH750VBT6_Celebright_V2.ioc
ProjectManager.ProjectName=STMH750VBT6_Celebright_V2
ProjectManager.ProjectStructure=
ProjectManager.RegisterCallBack=
ProjectManager.StackSize=0x800
ProjectManager.TargetToolchain=MDK-ARM V5.32
ProjectManager.ToolChainLocation=
ProjectManager.UAScriptAfterPath=
ProjectManager.UAScriptBeforePath=
ProjectManager.UnderRoot=false
ProjectManager.functionlistsort=1-SystemClock_Config-RCC-false-HAL-false,2-MX_GPIO_Init-GPIO-false-HAL-true,3-MX_TIM2_Init-TIM2-false-HAL-true,4-MX_TIM3_Init-TIM3-false-HAL-true,5-MX_TIM4_Init-TIM4-false-HAL-true,6-MX_TIM5_Init-TIM5-false-HAL-true,7-MX_TIM6_Init-TIM6-false-HAL-true,8-MX_USB_OTG_FS_PCD_Init-USB_OTG_FS-false-HAL-true,9-MX_QUADSPI_Init-QUADSPI-false-HAL-true,10-MX_SPI4_Init-SPI4-false-HAL-true,11-MX_TIM13_Init-TIM13-false-HAL-true,12-MX_UART4_Init-UART4-false-HAL-true,13-MX_USART1_UART_Init-USART1-false-HAL-true,14-MX_SPI2_Init-SPI2-false-HAL-true,15-MX_USART2_UART_Init-USART2-false-HAL-true,16-MX_USART3_UART_Init-USART3-false-HAL-true,17-MX_UART5_Init-UART5-false-HAL-true,0-MX_CORTEX_M7_Init-CORTEX_M7-false-HAL-true
QUADSPI.ClockMode=QSPI_CLOCK_MODE_3
QUADSPI.ClockPrescaler=2
QUADSPI.FifoThreshold=32
QUADSPI.FlashSize=22
QUADSPI.IPParameters=ClockPrescaler,FifoThreshold,SampleShifting,FlashSize,ClockMode
QUADSPI.SampleShifting=QSPI_SAMPLE_SHIFTING_HALFCYCLE
RCC.ADCFreq_Value=200000000
RCC.AHB12Freq_Value=240000000
RCC.AHB4Freq_Value=240000000
RCC.APB1Freq_Value=120000000
RCC.APB2Freq_Value=120000000
RCC.APB3Freq_Value=120000000
RCC.APB4Freq_Value=120000000
RCC.AXIClockFreq_Value=240000000
RCC.CECFreq_Value=32000
RCC.CKPERFreq_Value=64000000
RCC.CortexFreq_Value=480000000
RCC.CpuClockFreq_Value=480000000
RCC.D1CPREFreq_Value=480000000
RCC.D1PPRE=RCC_APB3_DIV2
RCC.D2PPRE1=RCC_APB1_DIV2
RCC.D2PPRE2=RCC_APB2_DIV2
RCC.D3PPRE=RCC_APB4_DIV2
RCC.DFSDMACLkFreq_Value=480000000
RCC.DFSDMFreq_Value=120000000
RCC.DIVM1=5
RCC.DIVM2=5
RCC.DIVN1=192
RCC.DIVN2=80
RCC.DIVN3=80
RCC.DIVP1Freq_Value=480000000
RCC.DIVP2Freq_Value=200000000
RCC.DIVP3Freq_Value=31250000
RCC.DIVQ1Freq_Value=480000000
RCC.DIVQ2Freq_Value=200000000
RCC.DIVQ3Freq_Value=31250000
RCC.DIVR1Freq_Value=480000000
RCC.DIVR2Freq_Value=200000000
RCC.DIVR3Freq_Value=31250000
RCC.EnbaleCSS=true
RCC.FDCANFreq_Value=480000000
RCC.FMCFreq_Value=240000000
RCC.FamilyName=M
RCC.HCLK3ClockFreq_Value=240000000
RCC.HCLKFreq_Value=240000000
RCC.HPRE=RCC_HCLK_DIV2
RCC.HRTIMFreq_Value=240000000
RCC.I2C123Freq_Value=120000000
RCC.I2C4Freq_Value=120000000
RCC.IPParameters=ADCFreq_Value,AHB12Freq_Value,AHB4Freq_Value,APB1Freq_Value,APB2Freq_Value,APB3Freq_Value,APB4Freq_Value,AXIClockFreq_Value,CECFreq_Value,CKPERFreq_Value,CortexFreq_Value,CpuClockFreq_Value,D1CPREFreq_Value,D1PPRE,D2PPRE1,D2PPRE2,D3PPRE,DFSDMACLkFreq_Value,DFSDMFreq_Value,DIVM1,DIVM2,DIVN1,DIVN2,DIVN3,DIVP1Freq_Value,DIVP2Freq_Value,DIVP3Freq_Value,DIVQ1Freq_Value,DIVQ2Freq_Value,DIVQ3Freq_Value,DIVR1Freq_Value,DIVR2Freq_Value,DIVR3Freq_Value,EnbaleCSS,FDCANFreq_Value,FMCFreq_Value,FamilyName,HCLK3ClockFreq_Value,HCLKFreq_Value,HPRE,HRTIMFreq_Value,I2C123Freq_Value,I2C4Freq_Value,LPTIM1Freq_Value,LPTIM2Freq_Value,LPTIM345Freq_Value,LPUART1Freq_Value,LTDCFreq_Value,MCO1PinFreq_Value,MCO2PinFreq_Value,PLLSourceVirtual,QSPIFreq_Value,RNGFreq_Value,RTCFreq_Value,SAI1Freq_Value,SAI23Freq_Value,SAI4AFreq_Value,SAI4BFreq_Value,SDMMCFreq_Value,SPDIFRXFreq_Value,SPI123CLockSelection,SPI123Freq_Value,SPI45Freq_Value,SPI6Freq_Value,SWPMI1Freq_Value,SYSCLKFreq_VALUE,SYSCLKSource,Tim1OutputFreq_Value,Tim2OutputFreq_Value,TraceFreq_Value,USART16Freq_Value,USART234578Freq_Value,USBCLockSelection,USBFreq_Value,VCO1OutputFreq_Value,VCO2OutputFreq_Value,VCO3OutputFreq_Value,VCOInput1Freq_Value,VCOInput2Freq_Value,VCOInput3Freq_Value
RCC.LPTIM1Freq_Value=120000000
RCC.LPTIM2Freq_Value=120000000
RCC.LPTIM345Freq_Value=120000000
RCC.LPUART1Freq_Value=120000000
RCC.LTDCFreq_Value=31250000
RCC.MCO1PinFreq_Value=64000000
RCC.MCO2PinFreq_Value=480000000
RCC.PLLSourceVirtual=RCC_PLLSOURCE_HSE
RCC.QSPIFreq_Value=240000000
RCC.RNGFreq_Value=48000000
RCC.RTCFreq_Value=32000
RCC.SAI1Freq_Value=480000000
RCC.SAI23Freq_Value=480000000
RCC.SAI4AFreq_Value=480000000
RCC.SAI4BFreq_Value=480000000
RCC.SDMMCFreq_Value=480000000
RCC.SPDIFRXFreq_Value=480000000
RCC.SPI123CLockSelection=RCC_SPI123CLKSOURCE_PLL2
RCC.SPI123Freq_Value=200000000
RCC.SPI45Freq_Value=120000000
RCC.SPI6Freq_Value=120000000
RCC.SWPMI1Freq_Value=120000000
RCC.SYSCLKFreq_VALUE=480000000
RCC.SYSCLKSource=RCC_SYSCLKSOURCE_PLLCLK
RCC.Tim1OutputFreq_Value=240000000
RCC.Tim2OutputFreq_Value=240000000
RCC.TraceFreq_Value=480000000
RCC.USART16Freq_Value=120000000
RCC.USART234578Freq_Value=120000000
RCC.USBCLockSelection=RCC_USBCLKSOURCE_HSI48
RCC.USBFreq_Value=48000000
RCC.VCO1OutputFreq_Value=960000000
RCC.VCO2OutputFreq_Value=400000000
RCC.VCO3OutputFreq_Value=62500000
RCC.VCOInput1Freq_Value=5000000
RCC.VCOInput2Freq_Value=5000000
RCC.VCOInput3Freq_Value=781250
SH.S_TIM13_CH1.0=TIM13_CH1,PWM Generation1 CH1
SH.S_TIM13_CH1.ConfNb=1
SH.S_TIM2_CH1_ETR.0=TIM2_CH1,Encoder_Interface
SH.S_TIM2_CH1_ETR.ConfNb=1
SH.S_TIM2_CH2.0=TIM2_CH2,Encoder_Interface
SH.S_TIM2_CH2.ConfNb=1
SH.S_TIM3_CH1.0=TIM3_CH1,Encoder_Interface
SH.S_TIM3_CH1.ConfNb=1
SH.S_TIM3_CH2.0=TIM3_CH2,Encoder_Interface
SH.S_TIM3_CH2.ConfNb=1
SH.S_TIM4_CH1.0=TIM4_CH1,Encoder_Interface
SH.S_TIM4_CH1.ConfNb=1
SH.S_TIM4_CH2.0=TIM4_CH2,Encoder_Interface
SH.S_TIM4_CH2.ConfNb=1
SH.S_TIM5_CH1.0=TIM5_CH1,Encoder_Interface
SH.S_TIM5_CH1.ConfNb=1
SH.S_TIM5_CH2.0=TIM5_CH2,Encoder_Interface
SH.S_TIM5_CH2.ConfNb=1
SPI2.BaudRatePrescaler=SPI_BAUDRATEPRESCALER_8
SPI2.CalculateBaudRate=25.0 MBits/s
SPI2.DataSize=SPI_DATASIZE_8BIT
SPI2.Direction=SPI_DIRECTION_2LINES_TXONLY
SPI2.IPParameters=VirtualType,Mode,Direction,CalculateBaudRate,VirtualNSS,DataSize,BaudRatePrescaler
SPI2.Mode=SPI_MODE_MASTER
SPI2.VirtualNSS=VM_NSSHARD
SPI2.VirtualType=VM_MASTER
SPI4.BaudRatePrescaler=SPI_BAUDRATEPRESCALER_8
SPI4.CLKPhase=SPI_PHASE_2EDGE
SPI4.CLKPolarity=SPI_POLARITY_HIGH
SPI4.CalculateBaudRate=15.0 MBits/s
SPI4.DataSize=SPI_DATASIZE_8BIT
SPI4.Direction=SPI_DIRECTION_2LINES
SPI4.IPParameters=VirtualType,Mode,Direction,CalculateBaudRate,DataSize,CLKPhase,BaudRatePrescaler,CLKPolarity
SPI4.Mode=SPI_MODE_MASTER
SPI4.VirtualType=VM_MASTER
TIM13.Channel=TIM_CHANNEL_1
TIM13.IPParameters=Channel
TIM6.IPParameters=Prescaler,Period
TIM6.Period=9
TIM6.Prescaler=239
UART5.BaudRate=9600
UART5.IPParameters=BaudRate
USART1.IPParameters=VirtualMode-Asynchronous
USART1.VirtualMode-Asynchronous=VM_ASYNC
USART2.BaudRate=1000000
USART2.IPParameters=VirtualMode-Asynchronous,BaudRate
USART2.VirtualMode-Asynchronous=VM_ASYNC
USART3.IPParameters=VirtualMode-Asynchronous
USART3.VirtualMode-Asynchronous=VM_ASYNC
USB_OTG_FS.IPParameters=VirtualMode
USB_OTG_FS.VirtualMode=Device_Only
VP_FREERTOS_VS_CMSIS_V2.Mode=CMSIS_V2
VP_FREERTOS_VS_CMSIS_V2.Signal=FREERTOS_VS_CMSIS_V2
VP_MEMORYMAP_VS_MEMORYMAP.Mode=CurAppReg
VP_MEMORYMAP_VS_MEMORYMAP.Signal=MEMORYMAP_VS_MEMORYMAP
VP_SYS_VS_Systick.Mode=SysTick
VP_SYS_VS_Systick.Signal=SYS_VS_Systick
VP_TIM13_VS_ClockSourceINT.Mode=Enable_Timer
VP_TIM13_VS_ClockSourceINT.Signal=TIM13_VS_ClockSourceINT
VP_TIM6_VS_ClockSourceINT.Mode=Enable_Timer
VP_TIM6_VS_ClockSourceINT.Signal=TIM6_VS_ClockSourceINT
board=custom
rtos.0.ip=FREERTOS
